
Microsoft Visual Studio Solution File, Format Version 12.00
# Visual Studio Version 17
VisualStudioVersion = 17.7.34031.279
MinimumVisualStudioVersion = 10.0.40219.1
Project("{FAE04EC0-301F-11D3-BF4B-00C04F79EFBC}") = "HomeWork12", "HomeWork12\HomeWork12.csproj", "{121DFCC4-A711-4B87-81B5-00334E9330EB}"
EndProject
Global
	GlobalSection(SolutionConfigurationPlatforms) = preSolution
		Debug|Any CPU = Debug|Any CPU
		Release|Any CPU = Release|Any CPU
	EndGlobalSection
	GlobalSection(ProjectConfigurationPlatforms) = postSolution
		{121DFCC4-A711-4B87-81B5-00334E9330EB}.Debug|Any CPU.ActiveCfg = Debug|Any CPU
		{121DFCC4-A711-4B87-81B5-00334E9330EB}.Debug|Any CPU.Build.0 = Debug|Any CPU
		{121DFCC4-A711-4B87-81B5-00334E9330EB}.Release|Any CPU.ActiveCfg = Release|Any CPU
		{121DFCC4-A711-4B87-81B5-00334E9330EB}.Release|Any CPU.Build.0 = Release|Any CPU
	EndGlobalSection
	GlobalSection(SolutionProperties) = preSolution
		HideSolutionNode = FALSE
	EndGlobalSection
	GlobalSection(ExtensibilityGlobals) = postSolution
		SolutionGuid = {701F39BA-4E7A-42BA-9582-5F6854783895}
	EndGlobalSection
EndGlobal
